
Microsoft Visual Studio Solution File, Format Version 12.00
# Visual Studio 15
VisualStudioVersion = 15.0.27004.2009
MinimumVisualStudioVersion = 10.0.40219.1
Project("{FAE04EC0-301F-11D3-BF4B-00C04F79EFBC}") = "PresentationLayer", "WebApplication1\PresentationLayer.csproj", "{8ADA6297-2D65-404E-9634-DDB9F7879D33}"
EndProject
Project("{2150E333-8FDC-42A3-9474-1A3956D46DE8}") = "BusinessLogicLayer", "BusinessLogicLayer", "{8BFDCFB4-43F7-4FA8-80FA-63054736F53F}"
EndProject
Project("{2150E333-8FDC-42A3-9474-1A3956D46DE8}") = "DataAccessLayer", "DataAccessLayer", "{BF52F5AE-EEA0-4F4A-BAAF-4EB20543BB26}"
EndProject
Project("{FAE04EC0-301F-11D3-BF4B-00C04F79EFBC}") = "BLL", "BLL\BLL.csproj", "{4BFBA66D-C535-44D5-9B33-FE672152E18C}"
EndProject
Project("{FAE04EC0-301F-11D3-BF4B-00C04F79EFBC}") = "DAL", "DAL\DAL.csproj", "{787080EF-A172-46BE-B6D8-94728AA13DF2}"
EndProject
Project("{2150E333-8FDC-42A3-9474-1A3956D46DE8}") = "EntityLayer", "EntityLayer", "{8C8D8F02-BB6E-4944-A0A9-A07C02AB1FF5}"
EndProject
Project("{2150E333-8FDC-42A3-9474-1A3956D46DE8}") = "FacadeLayer", "FacadeLayer", "{17345CC6-9EDE-405A-AEF9-C17F9993E187}"
EndProject
Project("{FAE04EC0-301F-11D3-BF4B-00C04F79EFBC}") = "EntityLayer", "EntityLayer\EntityLayer.csproj", "{E7CB1406-3E48-41B0-BDDD-9732E2D98C7B}"
EndProject
Project("{FAE04EC0-301F-11D3-BF4B-00C04F79EFBC}") = "FacadeLayer", "FacadeLayer\FacadeLayer.csproj", "{867A8956-B0C1-4A6C-B5DB-58A833C3921A}"
EndProject
Global
	GlobalSection(SolutionConfigurationPlatforms) = preSolution
		Debug|Any CPU = Debug|Any CPU
		Release|Any CPU = Release|Any CPU
	EndGlobalSection
	GlobalSection(ProjectConfigurationPlatforms) = postSolution
		{8ADA6297-2D65-404E-9634-DDB9F7879D33}.Debug|Any CPU.ActiveCfg = Debug|Any CPU
		{8ADA6297-2D65-404E-9634-DDB9F7879D33}.Debug|Any CPU.Build.0 = Debug|Any CPU
		{8ADA6297-2D65-404E-9634-DDB9F7879D33}.Release|Any CPU.ActiveCfg = Release|Any CPU
		{8ADA6297-2D65-404E-9634-DDB9F7879D33}.Release|Any CPU.Build.0 = Release|Any CPU
		{4BFBA66D-C535-44D5-9B33-FE672152E18C}.Debug|Any CPU.ActiveCfg = Debug|Any CPU
		{4BFBA66D-C535-44D5-9B33-FE672152E18C}.Debug|Any CPU.Build.0 = Debug|Any CPU
		{4BFBA66D-C535-44D5-9B33-FE672152E18C}.Release|Any CPU.ActiveCfg = Release|Any CPU
		{4BFBA66D-C535-44D5-9B33-FE672152E18C}.Release|Any CPU.Build.0 = Release|Any CPU
		{787080EF-A172-46BE-B6D8-94728AA13DF2}.Debug|Any CPU.ActiveCfg = Debug|Any CPU
		{787080EF-A172-46BE-B6D8-94728AA13DF2}.Debug|Any CPU.Build.0 = Debug|Any CPU
		{787080EF-A172-46BE-B6D8-94728AA13DF2}.Release|Any CPU.ActiveCfg = Release|Any CPU
		{787080EF-A172-46BE-B6D8-94728AA13DF2}.Release|Any CPU.Build.0 = Release|Any CPU
		{E7CB1406-3E48-41B0-BDDD-9732E2D98C7B}.Debug|Any CPU.ActiveCfg = Debug|Any CPU
		{E7CB1406-3E48-41B0-BDDD-9732E2D98C7B}.Debug|Any CPU.Build.0 = Debug|Any CPU
		{E7CB1406-3E48-41B0-BDDD-9732E2D98C7B}.Release|Any CPU.ActiveCfg = Release|Any CPU
		{E7CB1406-3E48-41B0-BDDD-9732E2D98C7B}.Release|Any CPU.Build.0 = Release|Any CPU
		{867A8956-B0C1-4A6C-B5DB-58A833C3921A}.Debug|Any CPU.ActiveCfg = Debug|Any CPU
		{867A8956-B0C1-4A6C-B5DB-58A833C3921A}.Debug|Any CPU.Build.0 = Debug|Any CPU
		{867A8956-B0C1-4A6C-B5DB-58A833C3921A}.Release|Any CPU.ActiveCfg = Release|Any CPU
		{867A8956-B0C1-4A6C-B5DB-58A833C3921A}.Release|Any CPU.Build.0 = Release|Any CPU
	EndGlobalSection
	GlobalSection(SolutionProperties) = preSolution
		HideSolutionNode = FALSE
	EndGlobalSection
	GlobalSection(NestedProjects) = preSolution
		{4BFBA66D-C535-44D5-9B33-FE672152E18C} = {8BFDCFB4-43F7-4FA8-80FA-63054736F53F}
		{787080EF-A172-46BE-B6D8-94728AA13DF2} = {BF52F5AE-EEA0-4F4A-BAAF-4EB20543BB26}
		{E7CB1406-3E48-41B0-BDDD-9732E2D98C7B} = {8C8D8F02-BB6E-4944-A0A9-A07C02AB1FF5}
		{867A8956-B0C1-4A6C-B5DB-58A833C3921A} = {17345CC6-9EDE-405A-AEF9-C17F9993E187}
	EndGlobalSection
	GlobalSection(ExtensibilityGlobals) = postSolution
		SolutionGuid = {A1A66E67-5B5F-4AB9-9C50-40F19F8E94B6}
	EndGlobalSection
EndGlobal
